
Microsoft Visual Studio Solution File, Format Version 12.00
# Visual Studio Version 17
VisualStudioVersion = 17.2.32630.192
MinimumVisualStudioVersion = 10.0.40219.1
Project("{FAE04EC0-301F-11D3-BF4B-00C04F79EFBC}") = "Demo720483LINQ", "Demo720483LINQ\Demo720483LINQ.csproj", "{2C1A2499-9909-48BC-9AC5-9FD29CD6405B}"
EndProject
Project("{FAE04EC0-301F-11D3-BF4B-00C04F79EFBC}") = "Entidates", "Entidates\Entidates.csproj", "{8801B380-5E1E-4AA8-996F-E5B7E47F4FEF}"
EndProject
Global
	GlobalSection(SolutionConfigurationPlatforms) = preSolution
		Debug|Any CPU = Debug|Any CPU
		Release|Any CPU = Release|Any CPU
	EndGlobalSection
	GlobalSection(ProjectConfigurationPlatforms) = postSolution
		{2C1A2499-9909-48BC-9AC5-9FD29CD6405B}.Debug|Any CPU.ActiveCfg = Debug|Any CPU
		{2C1A2499-9909-48BC-9AC5-9FD29CD6405B}.Debug|Any CPU.Build.0 = Debug|Any CPU
		{2C1A2499-9909-48BC-9AC5-9FD29CD6405B}.Release|Any CPU.ActiveCfg = Release|Any CPU
		{2C1A2499-9909-48BC-9AC5-9FD29CD6405B}.Release|Any CPU.Build.0 = Release|Any CPU
		{8801B380-5E1E-4AA8-996F-E5B7E47F4FEF}.Debug|Any CPU.ActiveCfg = Debug|Any CPU
		{8801B380-5E1E-4AA8-996F-E5B7E47F4FEF}.Debug|Any CPU.Build.0 = Debug|Any CPU
		{8801B380-5E1E-4AA8-996F-E5B7E47F4FEF}.Release|Any CPU.ActiveCfg = Release|Any CPU
		{8801B380-5E1E-4AA8-996F-E5B7E47F4FEF}.Release|Any CPU.Build.0 = Release|Any CPU
	EndGlobalSection
	GlobalSection(SolutionProperties) = preSolution
		HideSolutionNode = FALSE
	EndGlobalSection
	GlobalSection(ExtensibilityGlobals) = postSolution
		SolutionGuid = {E5E14530-4121-4DCC-9589-DBD5D87A2B10}
	EndGlobalSection
EndGlobal
